// !$*UTF8*$!
{
	archiveVersion = 1;
	classes = {
	};
	objectVersion = 50;
	objects = {

/* Begin PBXBuildFile section */
		416138E1249101F300015663 /* Peertalk.h in Headers */ = {isa = PBXBuildFile; fileRef = 416138DF249101F300015663 /* Peertalk.h */; settings = {ATTRIBUTES = (Public, ); }; };
		416138EE2491023800015663 /* PTPrivate.h in Headers */ = {isa = PBXBuildFile; fileRef = 416138E72491023800015663 /* PTPrivate.h */; settings = {ATTRIBUTES = (Private, ); }; };
		416138EF2491023800015663 /* PTUSBHub.h in Headers */ = {isa = PBXBuildFile; fileRef = 416138E82491023800015663 /* PTUSBHub.h */; settings = {ATTRIBUTES = (Public, ); }; };
		416138F02491023800015663 /* PTProtocol.h in Headers */ = {isa = PBXBuildFile; fileRef = 416138E92491023800015663 /* PTProtocol.h */; settings = {ATTRIBUTES = (Public, ); }; };
		416138F12491023800015663 /* PTProtocol.m in Sources */ = {isa = PBXBuildFile; fileRef = 416138EA2491023800015663 /* PTProtocol.m */; };
		416138F22491023800015663 /* PTUSBHub.m in Sources */ = {isa = PBXBuildFile; fileRef = 416138EB2491023800015663 /* PTUSBHub.m */; };
		416138F32491023800015663 /* PTChannel.h in Headers */ = {isa = PBXBuildFile; fileRef = 416138EC2491023800015663 /* PTChannel.h */; settings = {ATTRIBUTES = (Public, ); }; };
		416138F42491023800015663 /* PTChannel.m in Sources */ = {isa = PBXBuildFile; fileRef = 416138ED2491023800015663 /* PTChannel.m */; };
		416138FE249107A000015663 /* PeertalkDef.h in Headers */ = {isa = PBXBuildFile; fileRef = 416138FC249107A000015663 /* PeertalkDef.h */; settings = {ATTRIBUTES = (Public, ); }; };
		41CF4E15249109AC00FD1138 /* PeertalkDef.m in Sources */ = {isa = PBXBuildFile; fileRef = 41CF4E14249109AC00FD1138 /* PeertalkDef.m */; };
		41CF4E1B2491CCEB00FD1138 /* PeertalkProxy.h in Headers */ = {isa = PBXBuildFile; fileRef = 41CF4E192491CCEB00FD1138 /* PeertalkProxy.h */; settings = {ATTRIBUTES = (Public, ); }; };
		41CF4E1C2491CCEB00FD1138 /* PeertalkProxy.m in Sources */ = {isa = PBXBuildFile; fileRef = 41CF4E1A2491CCEB00FD1138 /* PeertalkProxy.m */; };
/* End PBXBuildFile section */

/* Begin PBXFileReference section */
		416138DC249101F300015663 /* Peertalk.framework */ = {isa = PBXFileReference; explicitFileType = wrapper.framework; includeInIndex = 0; path = Peertalk.framework; sourceTree = BUILT_PRODUCTS_DIR; };
		416138DF249101F300015663 /* Peertalk.h */ = {isa = PBXFileReference; lastKnownFileType = sourcecode.c.h; path = Peertalk.h; sourceTree = "<group>"; };
		416138E0249101F300015663 /* Info.plist */ = {isa = PBXFileReference; lastKnownFileType = text.plist.xml; path = Info.plist; sourceTree = "<group>"; };
		416138E72491023800015663 /* PTPrivate.h */ = {isa = PBXFileReference; fileEncoding = 4; lastKnownFileType = sourcecode.c.h; path = PTPrivate.h; sourceTree = "<group>"; };
		416138E82491023800015663 /* PTUSBHub.h */ = {isa = PBXFileReference; fileEncoding = 4; lastKnownFileType = sourcecode.c.h; path = PTUSBHub.h; sourceTree = "<group>"; };
		416138E92491023800015663 /* PTProtocol.h */ = {isa = PBXFileReference; fileEncoding = 4; lastKnownFileType = sourcecode.c.h; path = PTProtocol.h; sourceTree = "<group>"; };
		416138EA2491023800015663 /* PTProtocol.m */ = {isa = PBXFileReference; fileEncoding = 4; lastKnownFileType = sourcecode.c.objc; path = PTProtocol.m; sourceTree = "<group>"; };
		416138EB2491023800015663 /* PTUSBHub.m */ = {isa = PBXFileReference; fileEncoding = 4; lastKnownFileType = sourcecode.c.objc; path = PTUSBHub.m; sourceTree = "<group>"; };
		416138EC2491023800015663 /* PTChannel.h */ = {isa = PBXFileReference; fileEncoding = 4; lastKnownFileType = sourcecode.c.h; path = PTChannel.h; sourceTree = "<group>"; };
		416138ED2491023800015663 /* PTChannel.m */ = {isa = PBXFileReference; fileEncoding = 4; lastKnownFileType = sourcecode.c.objc; path = PTChannel.m; sourceTree = "<group>"; };
		416138FC249107A000015663 /* PeertalkDef.h */ = {isa = PBXFileReference; lastKnownFileType = sourcecode.c.h; path = PeertalkDef.h; sourceTree = "<group>"; };
		41CF4E14249109AC00FD1138 /* PeertalkDef.m */ = {isa = PBXFileReference; fileEncoding = 4; lastKnownFileType = sourcecode.c.objc; path = PeertalkDef.m; sourceTree = "<group>"; };
		41CF4E192491CCEB00FD1138 /* PeertalkProxy.h */ = {isa = PBXFileReference; lastKnownFileType = sourcecode.c.h; path = PeertalkProxy.h; sourceTree = "<group>"; };
		41CF4E1A2491CCEB00FD1138 /* PeertalkProxy.m */ = {isa = PBXFileReference; lastKnownFileType = sourcecode.c.objc; path = PeertalkProxy.m; sourceTree = "<group>"; };
/* End PBXFileReference section */

/* Begin PBXFrameworksBuildPhase section */
		416138D9249101F300015663 /* Frameworks */ = {
			isa = PBXFrameworksBuildPhase;
			buildActionMask = 2147483647;
			files = (
			);
			runOnlyForDeploymentPostprocessing = 0;
		};
/* End PBXFrameworksBuildPhase section */

/* Begin PBXGroup section */
		416138D2249101F300015663 = {
			isa = PBXGroup;
			children = (
				416138DE249101F300015663 /* Peertalk */,
				416138DD249101F300015663 /* Products */,
			);
			sourceTree = "<group>";
		};
		416138DD249101F300015663 /* Products */ = {
			isa = PBXGroup;
			children = (
				416138DC249101F300015663 /* Peertalk.framework */,
			);
			name = Products;
			sourceTree = "<group>";
		};
		416138DE249101F300015663 /* Peertalk */ = {
			isa = PBXGroup;
			children = (
				416138DF249101F300015663 /* Peertalk.h */,
				416138FB249106FF00015663 /* Common */,
				416138FA249106BA00015663 /* Core */,
				416138E0249101F300015663 /* Info.plist */,
			);
			path = Peertalk;
			sourceTree = "<group>";
		};
		416138FA249106BA00015663 /* Core */ = {
			isa = PBXGroup;
			children = (
				416138EC2491023800015663 /* PTChannel.h */,
				416138ED2491023800015663 /* PTChannel.m */,
				416138E72491023800015663 /* PTPrivate.h */,
				416138E92491023800015663 /* PTProtocol.h */,
				416138EA2491023800015663 /* PTProtocol.m */,
				416138E82491023800015663 /* PTUSBHub.h */,
				416138EB2491023800015663 /* PTUSBHub.m */,
			);
			path = Core;
			sourceTree = "<group>";
		};
		416138FB249106FF00015663 /* Common */ = {
			isa = PBXGroup;
			children = (
				416138FC249107A000015663 /* PeertalkDef.h */,
				41CF4E14249109AC00FD1138 /* PeertalkDef.m */,
				41CF4E192491CCEB00FD1138 /* PeertalkProxy.h */,
				41CF4E1A2491CCEB00FD1138 /* PeertalkProxy.m */,
			);
			path = Common;
			sourceTree = "<group>";
		};
/* End PBXGroup section */

/* Begin PBXHeadersBuildPhase section */
		416138D7249101F300015663 /* Headers */ = {
			isa = PBXHeadersBuildPhase;
			buildActionMask = 2147483647;
			files = (
				416138F02491023800015663 /* PTProtocol.h in Headers */,
				416138EF2491023800015663 /* PTUSBHub.h in Headers */,
				416138F32491023800015663 /* PTChannel.h in Headers */,
				416138E1249101F300015663 /* Peertalk.h in Headers */,
				41CF4E1B2491CCEB00FD1138 /* PeertalkProxy.h in Headers */,
				416138FE249107A000015663 /* PeertalkDef.h in Headers */,
				416138EE2491023800015663 /* PTPrivate.h in Headers */,
			);
			runOnlyForDeploymentPostprocessing = 0;
		};
/* End PBXHeadersBuildPhase section */

/* Begin PBXNativeTarget section */
		416138DB249101F300015663 /* Peertalk */ = {
			isa = PBXNativeTarget;
			buildConfigurationList = 416138E4249101F300015663 /* Build configuration list for PBXNativeTarget "Peertalk" */;
			buildPhases = (
				416138D7249101F300015663 /* Headers */,
				416138D8249101F300015663 /* Sources */,
				416138D9249101F300015663 /* Frameworks */,
				416138DA249101F300015663 /* Resources */,
			);
			buildRules = (
			);
			dependencies = (
			);
			name = Peertalk;
			productName = Peertalk;
			productReference = 416138DC249101F300015663 /* Peertalk.framework */;
			productType = "com.apple.product-type.framework";
		};
/* End PBXNativeTarget section */

/* Begin PBXProject section */
		416138D3249101F300015663 /* Project object */ = {
			isa = PBXProject;
			attributes = {
				LastUpgradeCheck = 1150;
				ORGANIZATIONNAME = mademao;
				TargetAttributes = {
					416138DB249101F300015663 = {
						CreatedOnToolsVersion = 11.5;
					};
				};
			};
			buildConfigurationList = 416138D6249101F300015663 /* Build configuration list for PBXProject "Peertalk" */;
			compatibilityVersion = "Xcode 9.3";
			developmentRegion = en;
			hasScannedForEncodings = 0;
			knownRegions = (
				en,
				Base,
			);
			mainGroup = 416138D2249101F300015663;
			productRefGroup = 416138DD249101F300015663 /* Products */;
			projectDirPath = "";
			projectRoot = "";
			targets = (
				416138DB249101F300015663 /* Peertalk */,
			);
		};
/* End PBXProject section */

/* Begin PBXResourcesBuildPhase section */
		416138DA249101F300015663 /* Resources */ = {
			isa = PBXResourcesBuildPhase;
			buildActionMask = 2147483647;
			files = (
			);
			runOnlyForDeploymentPostprocessing = 0;
		};
/* End PBXResourcesBuildPhase section */

/* Begin PBXSourcesBuildPhase section */
		416138D8249101F300015663 /* Sources */ = {
			isa = PBXSourcesBuildPhase;
			buildActionMask = 2147483647;
			files = (
				416138F22491023800015663 /* PTUSBHub.m in Sources */,
				416138F42491023800015663 /* PTChannel.m in Sources */,
				41CF4E1C2491CCEB00FD1138 /* PeertalkProxy.m in Sources */,
				416138F12491023800015663 /* PTProtocol.m in Sources */,
				41CF4E15249109AC00FD1138 /* PeertalkDef.m in Sources */,
			);
			runOnlyForDeploymentPostprocessing = 0;
		};
/* End PBXSourcesBuildPhase section */

/* Begin XCBuildConfiguration section */
		416138E2249101F300015663 /* Debug */ = {
			isa = XCBuildConfiguration;
			buildSettings = {
				ALWAYS_SEARCH_USER_PATHS = NO;
				CLANG_ANALYZER_NONNULL = YES;
				CLANG_ANALYZER_NUMBER_OBJECT_CONVERSION = YES_AGGRESSIVE;
				CLANG_CXX_LANGUAGE_STANDARD = "gnu++14";
				CLANG_CXX_LIBRARY = "libc++";
				CLANG_ENABLE_MODULES = YES;
				CLANG_ENABLE_OBJC_ARC = YES;
				CLANG_ENABLE_OBJC_WEAK = YES;
				CLANG_WARN_BLOCK_CAPTURE_AUTORELEASING = YES;
				CLANG_WARN_BOOL_CONVERSION = YES;
				CLANG_WARN_COMMA = YES;
				CLANG_WARN_CONSTANT_CONVERSION = YES;
				CLANG_WARN_DEPRECATED_OBJC_IMPLEMENTATIONS = YES;
				CLANG_WARN_DIRECT_OBJC_ISA_USAGE = YES_ERROR;
				CLANG_WARN_DOCUMENTATION_COMMENTS = YES;
				CLANG_WARN_EMPTY_BODY = YES;
				CLANG_WARN_ENUM_CONVERSION = YES;
				CLANG_WARN_INFINITE_RECURSION = YES;
				CLANG_WARN_INT_CONVERSION = YES;
				CLANG_WARN_NON_LITERAL_NULL_CONVERSION = YES;
				CLANG_WARN_OBJC_IMPLICIT_RETAIN_SELF = YES;
				CLANG_WARN_OBJC_LITERAL_CONVERSION = YES;
				CLANG_WARN_OBJC_ROOT_CLASS = YES_ERROR;
				CLANG_WARN_RANGE_LOOP_ANALYSIS = YES;
				CLANG_WARN_STRICT_PROTOTYPES = YES;
				CLANG_WARN_SUSPICIOUS_MOVE = YES;
				CLANG_WARN_UNGUARDED_AVAILABILITY = YES_AGGRESSIVE;
				CLANG_WARN_UNREACHABLE_CODE = YES;
				CLANG_WARN__DUPLICATE_METHOD_MATCH = YES;
				COPY_PHASE_STRIP = NO;
				CURRENT_PROJECT_VERSION = 1;
				DEBUG_INFORMATION_FORMAT = dwarf;
				ENABLE_STRICT_OBJC_MSGSEND = YES;
				ENABLE_TESTABILITY = YES;
				GCC_C_LANGUAGE_STANDARD = gnu11;
				GCC_DYNAMIC_NO_PIC = NO;
				GCC_NO_COMMON_BLOCKS = YES;
				GCC_OPTIMIZATION_LEVEL = 0;
				GCC_PREPROCESSOR_DEFINITIONS = (
					"DEBUG=1",
					"$(inherited)",
				);
				GCC_WARN_64_TO_32_BIT_CONVERSION = YES;
				GCC_WARN_ABOUT_RETURN_TYPE = YES_ERROR;
				GCC_WARN_UNDECLARED_SELECTOR = YES;
				GCC_WARN_UNINITIALIZED_AUTOS = YES_AGGRESSIVE;
				GCC_WARN_UNUSED_FUNCTION = YES;
				GCC_WARN_UNUSED_VARIABLE = YES;
				IPHONEOS_DEPLOYMENT_TARGET = 13.5;
				MTL_ENABLE_DEBUG_INFO = INCLUDE_SOURCE;
				MTL_FAST_MATH = YES;
				ONLY_ACTIVE_ARCH = YES;
				SDKROOT = iphoneos;
				VERSIONING_SYSTEM = "apple-generic";
				VERSION_INFO_PREFIX = "";
			};
			name = Debug;
		};
		416138E3249101F300015663 /* Release */ = {
			isa = XCBuildConfiguration;
			buildSettings = {
				ALWAYS_SEARCH_USER_PATHS = NO;
				CLANG_ANALYZER_NONNULL = YES;
				CLANG_ANALYZER_NUMBER_OBJECT_CONVERSION = YES_AGGRESSIVE;
				CLANG_CXX_LANGUAGE_STANDARD = "gnu++14";
				CLANG_CXX_LIBRARY = "libc++";
				CLANG_ENABLE_MODULES = YES;
				CLANG_ENABLE_OBJC_ARC = YES;
				CLANG_ENABLE_OBJC_WEAK = YES;
				CLANG_WARN_BLOCK_CAPTURE_AUTORELEASING = YES;
				CLANG_WARN_BOOL_CONVERSION = YES;
				CLANG_WARN_COMMA = YES;
				CLANG_WARN_CONSTANT_CONVERSION = YES;
				CLANG_WARN_DEPRECATED_OBJC_IMPLEMENTATIONS = YES;
				CLANG_WARN_DIRECT_OBJC_ISA_USAGE = YES_ERROR;
				CLANG_WARN_DOCUMENTATION_COMMENTS = YES;
				CLANG_WARN_EMPTY_BODY = YES;
				CLANG_WARN_ENUM_CONVERSION = YES;
				CLANG_WARN_INFINITE_RECURSION = YES;
				CLANG_WARN_INT_CONVERSION = YES;
				CLANG_WARN_NON_LITERAL_NULL_CONVERSION = YES;
				CLANG_WARN_OBJC_IMPLICIT_RETAIN_SELF = YES;
				CLANG_WARN_OBJC_LITERAL_CONVERSION = YES;
				CLANG_WARN_OBJC_ROOT_CLASS = YES_ERROR;
				CLANG_WARN_RANGE_LOOP_ANALYSIS = YES;
				CLANG_WARN_STRICT_PROTOTYPES = YES;
				CLANG_WARN_SUSPICIOUS_MOVE = YES;
				CLANG_WARN_UNGUARDED_AVAILABILITY = YES_AGGRESSIVE;
				CLANG_WARN_UNREACHABLE_CODE = YES;
				CLANG_WARN__DUPLICATE_METHOD_MATCH = YES;
				COPY_PHASE_STRIP = NO;
				CURRENT_PROJECT_VERSION = 1;
				DEBUG_INFORMATION_FORMAT = "dwarf-with-dsym";
				ENABLE_NS_ASSERTIONS = NO;
				ENABLE_STRICT_OBJC_MSGSEND = YES;
				GCC_C_LANGUAGE_STANDARD = gnu11;
				GCC_NO_COMMON_BLOCKS = YES;
				GCC_WARN_64_TO_32_BIT_CONVERSION = YES;
				GCC_WARN_ABOUT_RETURN_TYPE = YES_ERROR;
				GCC_WARN_UNDECLARED_SELECTOR = YES;
				GCC_WARN_UNINITIALIZED_AUTOS = YES_AGGRESSIVE;
				GCC_WARN_UNUSED_FUNCTION = YES;
				GCC_WARN_UNUSED_VARIABLE = YES;
				IPHONEOS_DEPLOYMENT_TARGET = 13.5;
				MTL_ENABLE_DEBUG_INFO = NO;
				MTL_FAST_MATH = YES;
				SDKROOT = iphoneos;
				VALIDATE_PRODUCT = YES;
				VERSIONING_SYSTEM = "apple-generic";
				VERSION_INFO_PREFIX = "";
			};
			name = Release;
		};
		416138E5249101F300015663 /* Debug */ = {
			isa = XCBuildConfiguration;
			buildSettings = {
				CODE_SIGN_STYLE = Automatic;
				DEFINES_MODULE = YES;
				DEVELOPMENT_TEAM = 8BF66UA5FJ;
				DYLIB_COMPATIBILITY_VERSION = 1;
				DYLIB_CURRENT_VERSION = 1;
				DYLIB_INSTALL_NAME_BASE = "@rpath";
				INFOPLIST_FILE = Peertalk/Info.plist;
				INSTALL_PATH = "$(LOCAL_LIBRARY_DIR)/Frameworks";
				LD_RUNPATH_SEARCH_PATHS = (
					"$(inherited)",
					"@executable_path/Frameworks",
					"@loader_path/Frameworks",
				);
				MACH_O_TYPE = staticlib;
				PRODUCT_BUNDLE_IDENTIFIER = com.mademao.Peertalk;
				PRODUCT_NAME = "$(TARGET_NAME:c99extidentifier)";
				SDKROOT = iphoneos;
				SKIP_INSTALL = YES;
				SUPPORTED_PLATFORMS = "iphonesimulator iphoneos macosx";
				TARGETED_DEVICE_FAMILY = "1,2";
				VALID_ARCHS = "arm64 arm64e armv7 armv7s i386 x86_64";
			};
			name = Debug;
		};
		416138E6249101F300015663 /* Release */ = {
			isa = XCBuildConfiguration;
			buildSettings = {
				CODE_SIGN_STYLE = Automatic;
				DEFINES_MODULE = YES;
				DEVELOPMENT_TEAM = 8BF66UA5FJ;
				DYLIB_COMPATIBILITY_VERSION = 1;
				DYLIB_CURRENT_VERSION = 1;
				DYLIB_INSTALL_NAME_BASE = "@rpath";
				INFOPLIST_FILE = Peertalk/Info.plist;
				INSTALL_PATH = "$(LOCAL_LIBRARY_DIR)/Frameworks";
				LD_RUNPATH_SEARCH_PATHS = (
					"$(inherited)",
					"@executable_path/Frameworks",
					"@loader_path/Frameworks",
				);
				MACH_O_TYPE = staticlib;
				PRODUCT_BUNDLE_IDENTIFIER = com.mademao.Peertalk;
				PRODUCT_NAME = "$(TARGET_NAME:c99extidentifier)";
				SDKROOT = iphoneos;
				SKIP_INSTALL = YES;
				SUPPORTED_PLATFORMS = "iphonesimulator iphoneos macosx";
				TARGETED_DEVICE_FAMILY = "1,2";
				VALID_ARCHS = "arm64 arm64e armv7 armv7s i386 x86_64";
			};
			name = Release;
		};
/* End XCBuildConfiguration section */

/* Begin XCConfigurationList section */
		416138D6249101F300015663 /* Build configuration list for PBXProject "Peertalk" */ = {
			isa = XCConfigurationList;
			buildConfigurations = (
				416138E2249101F300015663 /* Debug */,
				416138E3249101F300015663 /* Release */,
			);
			defaultConfigurationIsVisible = 0;
			defaultConfigurationName = Release;
		};
		416138E4249101F300015663 /* Build configuration list for PBXNativeTarget "Peertalk" */ = {
			isa = XCConfigurationList;
			buildConfigurations = (
				416138E5249101F300015663 /* Debug */,
				416138E6249101F300015663 /* Release */,
			);
			defaultConfigurationIsVisible = 0;
			defaultConfigurationName = Release;
		};
/* End XCConfigurationList section */
	};
	rootObject = 416138D3249101F300015663 /* Project object */;
}
